
Microsoft Visual Studio Solution File, Format Version 12.00
# Visual Studio Version 16
VisualStudioVersion = 16.0.29519.87
MinimumVisualStudioVersion = 10.0.40219.1
Project("{8BC9CEB8-8B4A-11D0-8D11-00A0C91BC942}") = "Code", "Code\Code.vcxproj", "{4354FCB2-7C40-4556-B84B-DD74C041381D}"
EndProject
Global
	GlobalSection(SolutionConfigurationPlatforms) = preSolution
		Debug|x64 = Debug|x64
		Debug|x86 = Debug|x86
		Release|x64 = Release|x64
		Release|x86 = Release|x86
	EndGlobalSection
	GlobalSection(ProjectConfigurationPlatforms) = postSolution
		{4354FCB2-7C40-4556-B84B-DD74C041381D}.Debug|x64.ActiveCfg = Debug|x64
		{4354FCB2-7C40-4556-B84B-DD74C041381D}.Debug|x64.Build.0 = Debug|x64
		{4354FCB2-7C40-4556-B84B-DD74C041381D}.Debug|x86.ActiveCfg = Debug|Win32
		{4354FCB2-7C40-4556-B84B-DD74C041381D}.Debug|x86.Build.0 = Debug|Win32
		{4354FCB2-7C40-4556-B84B-DD74C041381D}.Release|x64.ActiveCfg = Release|x64
		{4354FCB2-7C40-4556-B84B-DD74C041381D}.Release|x64.Build.0 = Release|x64
		{4354FCB2-7C40-4556-B84B-DD74C041381D}.Release|x86.ActiveCfg = Release|Win32
		{4354FCB2-7C40-4556-B84B-DD74C041381D}.Release|x86.Build.0 = Release|Win32
	EndGlobalSection
	GlobalSection(SolutionProperties) = preSolution
		HideSolutionNode = FALSE
	EndGlobalSection
	GlobalSection(ExtensibilityGlobals) = postSolution
		SolutionGuid = {B77F8D34-F6BC-4ED5-B6A5-6CC38E786EE8}
	EndGlobalSection
EndGlobal
